// !$*UTF8*$!
{
	archiveVersion = 1;
	classes = {
	};
	objectVersion = 50;
	objects = {

/* Begin PBXBuildFile section */
		370008692173683000AF89F3 /* AppDelegate.swift in Sources */ = {isa = PBXBuildFile; fileRef = 370008682173683000AF89F3 /* AppDelegate.swift */; };
		3700086B2173683000AF89F3 /* ViewController.swift in Sources */ = {isa = PBXBuildFile; fileRef = 3700086A2173683000AF89F3 /* ViewController.swift */; };
		3700086E2173683000AF89F3 /* Main.storyboard in Resources */ = {isa = PBXBuildFile; fileRef = 3700086C2173683000AF89F3 /* Main.storyboard */; };
		370008702173683100AF89F3 /* Assets.xcassets in Resources */ = {isa = PBXBuildFile; fileRef = 3700086F2173683100AF89F3 /* Assets.xcassets */; };
		370008732173683100AF89F3 /* LaunchScreen.storyboard in Resources */ = {isa = PBXBuildFile; fileRef = 370008712173683100AF89F3 /* LaunchScreen.storyboard */; };
		3700087E2173683200AF89F3 /* OurganicTests.swift in Sources */ = {isa = PBXBuildFile; fileRef = 3700087D2173683200AF89F3 /* OurganicTests.swift */; };
/* End PBXBuildFile section */

/* Begin PBXContainerItemProxy section */
		3700087A2173683200AF89F3 /* PBXContainerItemProxy */ = {
			isa = PBXContainerItemProxy;
			containerPortal = 3700085D2173683000AF89F3 /* Project object */;
			proxyType = 1;
			remoteGlobalIDString = 370008642173683000AF89F3;
			remoteInfo = Ourganic;
		};
/* End PBXContainerItemProxy section */

/* Begin PBXFileReference section */
		370008652173683000AF89F3 /* Ourganic.app */ = {isa = PBXFileReference; explicitFileType = wrapper.application; includeInIndex = 0; path = Ourganic.app; sourceTree = BUILT_PRODUCTS_DIR; };
		370008682173683000AF89F3 /* AppDelegate.swift */ = {isa = PBXFileReference; lastKnownFileType = sourcecode.swift; path = AppDelegate.swift; sourceTree = "<group>"; };
		3700086A2173683000AF89F3 /* ViewController.swift */ = {isa = PBXFileReference; lastKnownFileType = sourcecode.swift; path = ViewController.swift; sourceTree = "<group>"; };
		3700086D2173683000AF89F3 /* Base */ = {isa = PBXFileReference; lastKnownFileType = file.storyboard; name = Base; path = Base.lproj/Main.storyboard; sourceTree = "<group>"; };
		3700086F2173683100AF89F3 /* Assets.xcassets */ = {isa = PBXFileReference; lastKnownFileType = folder.assetcatalog; path = Assets.xcassets; sourceTree = "<group>"; };
		370008722173683100AF89F3 /* Base */ = {isa = PBXFileReference; lastKnownFileType = file.storyboard; name = Base; path = Base.lproj/LaunchScreen.storyboard; sourceTree = "<group>"; };
		370008742173683100AF89F3 /* Info.plist */ = {isa = PBXFileReference; lastKnownFileType = text.plist.xml; path = Info.plist; sourceTree = "<group>"; };
		370008792173683200AF89F3 /* OurganicTests.xctest */ = {isa = PBXFileReference; explicitFileType = wrapper.cfbundle; includeInIndex = 0; path = OurganicTests.xctest; sourceTree = BUILT_PRODUCTS_DIR; };
		3700087D2173683200AF89F3 /* OurganicTests.swift */ = {isa = PBXFileReference; lastKnownFileType = sourcecode.swift; path = OurganicTests.swift; sourceTree = "<group>"; };
		3700087F2173683200AF89F3 /* Info.plist */ = {isa = PBXFileReference; lastKnownFileType = text.plist.xml; path = Info.plist; sourceTree = "<group>"; };
/* End PBXFileReference section */

/* Begin PBXFrameworksBuildPhase section */
		370008622173683000AF89F3 /* Frameworks */ = {
			isa = PBXFrameworksBuildPhase;
			buildActionMask = 2147483647;
			files = (
			);
			runOnlyForDeploymentPostprocessing = 0;
		};
		370008762173683200AF89F3 /* Frameworks */ = {
			isa = PBXFrameworksBuildPhase;
			buildActionMask = 2147483647;
			files = (
			);
			runOnlyForDeploymentPostprocessing = 0;
		};
/* End PBXFrameworksBuildPhase section */

/* Begin PBXGroup section */
		3700085C2173683000AF89F3 = {
			isa = PBXGroup;
			children = (
				370008672173683000AF89F3 /* Ourganic */,
				3700087C2173683200AF89F3 /* OurganicTests */,
				370008662173683000AF89F3 /* Products */,
			);
			sourceTree = "<group>";
		};
		370008662173683000AF89F3 /* Products */ = {
			isa = PBXGroup;
			children = (
				370008652173683000AF89F3 /* Ourganic.app */,
				370008792173683200AF89F3 /* OurganicTests.xctest */,
			);
			name = Products;
			sourceTree = "<group>";
		};
		370008672173683000AF89F3 /* Ourganic */ = {
			isa = PBXGroup;
			children = (
				370008682173683000AF89F3 /* AppDelegate.swift */,
				3700086A2173683000AF89F3 /* ViewController.swift */,
				3700086C2173683000AF89F3 /* Main.storyboard */,
				3700086F2173683100AF89F3 /* Assets.xcassets */,
				370008712173683100AF89F3 /* LaunchScreen.storyboard */,
				370008742173683100AF89F3 /* Info.plist */,
			);
			path = Ourganic;
			sourceTree = "<group>";
		};
		3700087C2173683200AF89F3 /* OurganicTests */ = {
			isa = PBXGroup;
			children = (
				3700087D2173683200AF89F3 /* OurganicTests.swift */,
				3700087F2173683200AF89F3 /* Info.plist */,
			);
			path = OurganicTests;
			sourceTree = "<group>";
		};
/* End PBXGroup section */

/* Begin PBXNativeTarget section */
		370008642173683000AF89F3 /* Ourganic */ = {
			isa = PBXNativeTarget;
			buildConfigurationList = 370008822173683200AF89F3 /* Build configuration list for PBXNativeTarget "Ourganic" */;
			buildPhases = (
				370008612173683000AF89F3 /* Sources */,
				370008622173683000AF89F3 /* Frameworks */,
				370008632173683000AF89F3 /* Resources */,
			);
			buildRules = (
			);
			dependencies = (
			);
			name = Ourganic;
			productName = Ourganic;
			productReference = 370008652173683000AF89F3 /* Ourganic.app */;
			productType = "com.apple.product-type.application";
		};
		370008782173683200AF89F3 /* OurganicTests */ = {
			isa = PBXNativeTarget;
			buildConfigurationList = 370008852173683200AF89F3 /* Build configuration list for PBXNativeTarget "OurganicTests" */;
			buildPhases = (
				370008752173683200AF89F3 /* Sources */,
				370008762173683200AF89F3 /* Frameworks */,
				370008772173683200AF89F3 /* Resources */,
			);
			buildRules = (
			);
			dependencies = (
				3700087B2173683200AF89F3 /* PBXTargetDependency */,
			);
			name = OurganicTests;
			productName = OurganicTests;
			productReference = 370008792173683200AF89F3 /* OurganicTests.xctest */;
			productType = "com.apple.product-type.bundle.unit-test";
		};
/* End PBXNativeTarget section */

/* Begin PBXProject section */
		3700085D2173683000AF89F3 /* Project object */ = {
			isa = PBXProject;
			attributes = {
				LastSwiftUpdateCheck = 1000;
				LastUpgradeCheck = 1000;
				ORGANIZATIONNAME = "Yoshua Elmaryono";
				TargetAttributes = {
					370008642173683000AF89F3 = {
						CreatedOnToolsVersion = 10.0;
					};
					370008782173683200AF89F3 = {
						CreatedOnToolsVersion = 10.0;
						TestTargetID = 370008642173683000AF89F3;
					};
				};
			};
			buildConfigurationList = 370008602173683000AF89F3 /* Build configuration list for PBXProject "Ourganic" */;
			compatibilityVersion = "Xcode 9.3";
			developmentRegion = en;
			hasScannedForEncodings = 0;
			knownRegions = (
				en,
				Base,
			);
			mainGroup = 3700085C2173683000AF89F3;
			productRefGroup = 370008662173683000AF89F3 /* Products */;
			projectDirPath = "";
			projectRoot = "";
			targets = (
				370008642173683000AF89F3 /* Ourganic */,
				370008782173683200AF89F3 /* OurganicTests */,
			);
		};
/* End PBXProject section */

/* Begin PBXResourcesBuildPhase section */
		370008632173683000AF89F3 /* Resources */ = {
			isa = PBXResourcesBuildPhase;
			buildActionMask = 2147483647;
			files = (
				370008732173683100AF89F3 /* LaunchScreen.storyboard in Resources */,
				370008702173683100AF89F3 /* Assets.xcassets in Resources */,
				3700086E2173683000AF89F3 /* Main.storyboard in Resources */,
			);
			runOnlyForDeploymentPostprocessing = 0;
		};
		370008772173683200AF89F3 /* Resources */ = {
			isa = PBXResourcesBuildPhase;
			buildActionMask = 2147483647;
			files = (
			);
			runOnlyForDeploymentPostprocessing = 0;
		};
/* End PBXResourcesBuildPhase section */

/* Begin PBXSourcesBuildPhase section */
		370008612173683000AF89F3 /* Sources */ = {
			isa = PBXSourcesBuildPhase;
			buildActionMask = 2147483647;
			files = (
				3700086B2173683000AF89F3 /* ViewController.swift in Sources */,
				370008692173683000AF89F3 /* AppDelegate.swift in Sources */,
			);
			runOnlyForDeploymentPostprocessing = 0;
		};
		370008752173683200AF89F3 /* Sources */ = {
			isa = PBXSourcesBuildPhase;
			buildActionMask = 2147483647;
			files = (
				3700087E2173683200AF89F3 /* OurganicTests.swift in Sources */,
			);
			runOnlyForDeploymentPostprocessing = 0;
		};
/* End PBXSourcesBuildPhase section */

/* Begin PBXTargetDependency section */
		3700087B2173683200AF89F3 /* PBXTargetDependency */ = {
			isa = PBXTargetDependency;
			target = 370008642173683000AF89F3 /* Ourganic */;
			targetProxy = 3700087A2173683200AF89F3 /* PBXContainerItemProxy */;
		};
/* End PBXTargetDependency section */

/* Begin PBXVariantGroup section */
		3700086C2173683000AF89F3 /* Main.storyboard */ = {
			isa = PBXVariantGroup;
			children = (
				3700086D2173683000AF89F3 /* Base */,
			);
			name = Main.storyboard;
			sourceTree = "<group>";
		};
		370008712173683100AF89F3 /* LaunchScreen.storyboard */ = {
			isa = PBXVariantGroup;
			children = (
				370008722173683100AF89F3 /* Base */,
			);
			name = LaunchScreen.storyboard;
			sourceTree = "<group>";
		};
/* End PBXVariantGroup section */

/* Begin XCBuildConfiguration section */
		370008802173683200AF89F3 /* Debug */ = {
			isa = XCBuildConfiguration;
			buildSettings = {
				ALWAYS_SEARCH_USER_PATHS = NO;
				CLANG_ANALYZER_NONNULL = YES;
				CLANG_ANALYZER_NUMBER_OBJECT_CONVERSION = YES_AGGRESSIVE;
				CLANG_CXX_LANGUAGE_STANDARD = "gnu++14";
				CLANG_CXX_LIBRARY = "libc++";
				CLANG_ENABLE_MODULES = YES;
				CLANG_ENABLE_OBJC_ARC = YES;
				CLANG_ENABLE_OBJC_WEAK = YES;
				CLANG_WARN_BLOCK_CAPTURE_AUTORELEASING = YES;
				CLANG_WARN_BOOL_CONVERSION = YES;
				CLANG_WARN_COMMA = YES;
				CLANG_WARN_CONSTANT_CONVERSION = YES;
				CLANG_WARN_DEPRECATED_OBJC_IMPLEMENTATIONS = YES;
				CLANG_WARN_DIRECT_OBJC_ISA_USAGE = YES_ERROR;
				CLANG_WARN_DOCUMENTATION_COMMENTS = YES;
				CLANG_WARN_EMPTY_BODY = YES;
				CLANG_WARN_ENUM_CONVERSION = YES;
				CLANG_WARN_INFINITE_RECURSION = YES;
				CLANG_WARN_INT_CONVERSION = YES;
				CLANG_WARN_NON_LITERAL_NULL_CONVERSION = YES;
				CLANG_WARN_OBJC_IMPLICIT_RETAIN_SELF = YES;
				CLANG_WARN_OBJC_LITERAL_CONVERSION = YES;
				CLANG_WARN_OBJC_ROOT_CLASS = YES_ERROR;
				CLANG_WARN_RANGE_LOOP_ANALYSIS = YES;
				CLANG_WARN_STRICT_PROTOTYPES = YES;
				CLANG_WARN_SUSPICIOUS_MOVE = YES;
				CLANG_WARN_UNGUARDED_AVAILABILITY = YES_AGGRESSIVE;
				CLANG_WARN_UNREACHABLE_CODE = YES;
				CLANG_WARN__DUPLICATE_METHOD_MATCH = YES;
				CODE_SIGN_IDENTITY = "iPhone Developer";
				COPY_PHASE_STRIP = NO;
				DEBUG_INFORMATION_FORMAT = dwarf;
				ENABLE_STRICT_OBJC_MSGSEND = YES;
				ENABLE_TESTABILITY = YES;
				GCC_C_LANGUAGE_STANDARD = gnu11;
				GCC_DYNAMIC_NO_PIC = NO;
				GCC_NO_COMMON_BLOCKS = YES;
				GCC_OPTIMIZATION_LEVEL = 0;
				GCC_PREPROCESSOR_DEFINITIONS = (
					"DEBUG=1",
					"$(inherited)",
				);
				GCC_WARN_64_TO_32_BIT_CONVERSION = YES;
				GCC_WARN_ABOUT_RETURN_TYPE = YES_ERROR;
				GCC_WARN_UNDECLARED_SELECTOR = YES;
				GCC_WARN_UNINITIALIZED_AUTOS = YES_AGGRESSIVE;
				GCC_WARN_UNUSED_FUNCTION = YES;
				GCC_WARN_UNUSED_VARIABLE = YES;
				IPHONEOS_DEPLOYMENT_TARGET = 12.0;
				MTL_ENABLE_DEBUG_INFO = INCLUDE_SOURCE;
				MTL_FAST_MATH = YES;
				ONLY_ACTIVE_ARCH = YES;
				SDKROOT = iphoneos;
				SWIFT_ACTIVE_COMPILATION_CONDITIONS = DEBUG;
				SWIFT_OPTIMIZATION_LEVEL = "-Onone";
			};
			name = Debug;
		};
		370008812173683200AF89F3 /* Release */ = {
			isa = XCBuildConfiguration;
			buildSettings = {
				ALWAYS_SEARCH_USER_PATHS = NO;
				CLANG_ANALYZER_NONNULL = YES;
				CLANG_ANALYZER_NUMBER_OBJECT_CONVERSION = YES_AGGRESSIVE;
				CLANG_CXX_LANGUAGE_STANDARD = "gnu++14";
				CLANG_CXX_LIBRARY = "libc++";
				CLANG_ENABLE_MODULES = YES;
				CLANG_ENABLE_OBJC_ARC = YES;
				CLANG_ENABLE_OBJC_WEAK = YES;
				CLANG_WARN_BLOCK_CAPTURE_AUTORELEASING = YES;
				CLANG_WARN_BOOL_CONVERSION = YES;
				CLANG_WARN_COMMA = YES;
				CLANG_WARN_CONSTANT_CONVERSION = YES;
				CLANG_WARN_DEPRECATED_OBJC_IMPLEMENTATIONS = YES;
				CLANG_WARN_DIRECT_OBJC_ISA_USAGE = YES_ERROR;
				CLANG_WARN_DOCUMENTATION_COMMENTS = YES;
				CLANG_WARN_EMPTY_BODY = YES;
				CLANG_WARN_ENUM_CONVERSION = YES;
				CLANG_WARN_INFINITE_RECURSION = YES;
				CLANG_WARN_INT_CONVERSION = YES;
				CLANG_WARN_NON_LITERAL_NULL_CONVERSION = YES;
				CLANG_WARN_OBJC_IMPLICIT_RETAIN_SELF = YES;
				CLANG_WARN_OBJC_LITERAL_CONVERSION = YES;
				CLANG_WARN_OBJC_ROOT_CLASS = YES_ERROR;
				CLANG_WARN_RANGE_LOOP_ANALYSIS = YES;
				CLANG_WARN_STRICT_PROTOTYPES = YES;
				CLANG_WARN_SUSPICIOUS_MOVE = YES;
				CLANG_WARN_UNGUARDED_AVAILABILITY = YES_AGGRESSIVE;
				CLANG_WARN_UNREACHABLE_CODE = YES;
				CLANG_WARN__DUPLICATE_METHOD_MATCH = YES;
				CODE_SIGN_IDENTITY = "iPhone Developer";
				COPY_PHASE_STRIP = NO;
				DEBUG_INFORMATION_FORMAT = "dwarf-with-dsym";
				ENABLE_NS_ASSERTIONS = NO;
				ENABLE_STRICT_OBJC_MSGSEND = YES;
				GCC_C_LANGUAGE_STANDARD = gnu11;
				GCC_NO_COMMON_BLOCKS = YES;
				GCC_WARN_64_TO_32_BIT_CONVERSION = YES;
				GCC_WARN_ABOUT_RETURN_TYPE = YES_ERROR;
				GCC_WARN_UNDECLARED_SELECTOR = YES;
				GCC_WARN_UNINITIALIZED_AUTOS = YES_AGGRESSIVE;
				GCC_WARN_UNUSED_FUNCTION = YES;
				GCC_WARN_UNUSED_VARIABLE = YES;
				IPHONEOS_DEPLOYMENT_TARGET = 12.0;
				MTL_ENABLE_DEBUG_INFO = NO;
				MTL_FAST_MATH = YES;
				SDKROOT = iphoneos;
				SWIFT_COMPILATION_MODE = wholemodule;
				SWIFT_OPTIMIZATION_LEVEL = "-O";
				VALIDATE_PRODUCT = YES;
			};
			name = Release;
		};
		370008832173683200AF89F3 /* Debug */ = {
			isa = XCBuildConfiguration;
			buildSettings = {
				ASSETCATALOG_COMPILER_APPICON_NAME = AppIcon;
				CODE_SIGN_STYLE = Automatic;
				DEVELOPMENT_TEAM = N55A3MSD3W;
				INFOPLIST_FILE = Ourganic/Info.plist;
				LD_RUNPATH_SEARCH_PATHS = (
					"$(inherited)",
					"@executable_path/Frameworks",
				);
				PRODUCT_BUNDLE_IDENTIFIER = "yoshua-elmaryono.Ourganic";
				PRODUCT_NAME = "$(TARGET_NAME)";
				SWIFT_VERSION = 4.2;
				TARGETED_DEVICE_FAMILY = "1,2";
			};
			name = Debug;
		};
		370008842173683200AF89F3 /* Release */ = {
			isa = XCBuildConfiguration;
			buildSettings = {
				ASSETCATALOG_COMPILER_APPICON_NAME = AppIcon;
				CODE_SIGN_STYLE = Automatic;
				DEVELOPMENT_TEAM = N55A3MSD3W;
				INFOPLIST_FILE = Ourganic/Info.plist;
				LD_RUNPATH_SEARCH_PATHS = (
					"$(inherited)",
					"@executable_path/Frameworks",
				);
				PRODUCT_BUNDLE_IDENTIFIER = "yoshua-elmaryono.Ourganic";
				PRODUCT_NAME = "$(TARGET_NAME)";
				SWIFT_VERSION = 4.2;
				TARGETED_DEVICE_FAMILY = "1,2";
			};
			name = Release;
		};
		370008862173683200AF89F3 /* Debug */ = {
			isa = XCBuildConfiguration;
			buildSettings = {
				ALWAYS_EMBED_SWIFT_STANDARD_LIBRARIES = YES;
				BUNDLE_LOADER = "$(TEST_HOST)";
				CODE_SIGN_STYLE = Automatic;
				DEVELOPMENT_TEAM = N55A3MSD3W;
				INFOPLIST_FILE = OurganicTests/Info.plist;
				LD_RUNPATH_SEARCH_PATHS = (
					"$(inherited)",
					"@executable_path/Frameworks",
					"@loader_path/Frameworks",
				);
				PRODUCT_BUNDLE_IDENTIFIER = "yoshua-elmaryono.OurganicTests";
				PRODUCT_NAME = "$(TARGET_NAME)";
				SWIFT_VERSION = 4.2;
				TARGETED_DEVICE_FAMILY = "1,2";
				TEST_HOST = "$(BUILT_PRODUCTS_DIR)/Ourganic.app/Ourganic";
			};
			name = Debug;
		};
		370008872173683200AF89F3 /* Release */ = {
			isa = XCBuildConfiguration;
			buildSettings = {
				ALWAYS_EMBED_SWIFT_STANDARD_LIBRARIES = YES;
				BUNDLE_LOADER = "$(TEST_HOST)";
				CODE_SIGN_STYLE = Automatic;
				DEVELOPMENT_TEAM = N55A3MSD3W;
				INFOPLIST_FILE = OurganicTests/Info.plist;
				LD_RUNPATH_SEARCH_PATHS = (
					"$(inherited)",
					"@executable_path/Frameworks",
					"@loader_path/Frameworks",
				);
				PRODUCT_BUNDLE_IDENTIFIER = "yoshua-elmaryono.OurganicTests";
				PRODUCT_NAME = "$(TARGET_NAME)";
				SWIFT_VERSION = 4.2;
				TARGETED_DEVICE_FAMILY = "1,2";
				TEST_HOST = "$(BUILT_PRODUCTS_DIR)/Ourganic.app/Ourganic";
			};
			name = Release;
		};
/* End XCBuildConfiguration section */

/* Begin XCConfigurationList section */
		370008602173683000AF89F3 /* Build configuration list for PBXProject "Ourganic" */ = {
			isa = XCConfigurationList;
			buildConfigurations = (
				370008802173683200AF89F3 /* Debug */,
				370008812173683200AF89F3 /* Release */,
			);
			defaultConfigurationIsVisible = 0;
			defaultConfigurationName = Release;
		};
		370008822173683200AF89F3 /* Build configuration list for PBXNativeTarget "Ourganic" */ = {
			isa = XCConfigurationList;
			buildConfigurations = (
				370008832173683200AF89F3 /* Debug */,
				370008842173683200AF89F3 /* Release */,
			);
			defaultConfigurationIsVisible = 0;
			defaultConfigurationName = Release;
		};
		370008852173683200AF89F3 /* Build configuration list for PBXNativeTarget "OurganicTests" */ = {
			isa = XCConfigurationList;
			buildConfigurations = (
				370008862173683200AF89F3 /* Debug */,
				370008872173683200AF89F3 /* Release */,
			);
			defaultConfigurationIsVisible = 0;
			defaultConfigurationName = Release;
		};
/* End XCConfigurationList section */
	};
	rootObject = 3700085D2173683000AF89F3 /* Project object */;
}
