// !$*UTF8*$!
{
	archiveVersion = 1;
	classes = {
	};
	objectVersion = 50;
	objects = {

/* Begin PBXBuildFile section */
		370008692173683000AF89F3 /* AppDelegate.swift in Sources */ = {isa = PBXBuildFile; fileRef = 370008682173683000AF89F3 /* AppDelegate.swift */; };
		3700086E2173683000AF89F3 /* Main.storyboard in Resources */ = {isa = PBXBuildFile; fileRef = 3700086C2173683000AF89F3 /* Main.storyboard */; };
		370008702173683100AF89F3 /* Assets.xcassets in Resources */ = {isa = PBXBuildFile; fileRef = 3700086F2173683100AF89F3 /* Assets.xcassets */; };
		370008732173683100AF89F3 /* LaunchScreen.storyboard in Resources */ = {isa = PBXBuildFile; fileRef = 370008712173683100AF89F3 /* LaunchScreen.storyboard */; };
		3700087E2173683200AF89F3 /* OurganicTests.swift in Sources */ = {isa = PBXBuildFile; fileRef = 3700087D2173683200AF89F3 /* OurganicTests.swift */; };
		370F902B217582EF00B91689 /* ProfileViewController.swift in Sources */ = {isa = PBXBuildFile; fileRef = 370F902A217582EF00B91689 /* ProfileViewController.swift */; };
		370F902D21758A0F00B91689 /* RegisterUserViewController.swift in Sources */ = {isa = PBXBuildFile; fileRef = 370F902C21758A0F00B91689 /* RegisterUserViewController.swift */; };
		370F9030217594A300B91689 /* CustomStyling.swift in Sources */ = {isa = PBXBuildFile; fileRef = 370F902F217594A300B91689 /* CustomStyling.swift */; };
		3712FF92218180C700E011D8 /* Product.swift in Sources */ = {isa = PBXBuildFile; fileRef = 3712FF91218180C700E011D8 /* Product.swift */; };
		372270FB218C06D20058676C /* NotificationProductTableViewCell.swift in Sources */ = {isa = PBXBuildFile; fileRef = 372270FA218C06D20058676C /* NotificationProductTableViewCell.swift */; };
		3726125C2189A9BD00EB8F6A /* PriceStepper.swift in Sources */ = {isa = PBXBuildFile; fileRef = 3726125B2189A9BD00EB8F6A /* PriceStepper.swift */; };
		3733C5D5217ED359000BD6F6 /* AddStoreViewController.swift in Sources */ = {isa = PBXBuildFile; fileRef = 3733C5D4217ED359000BD6F6 /* AddStoreViewController.swift */; };
		373B4226218AB585008471CC /* MyProductCollectionViewCell.swift in Sources */ = {isa = PBXBuildFile; fileRef = 373B4225218AB585008471CC /* MyProductCollectionViewCell.swift */; };
		374A5333217B30E6001F3FD5 /* LoginUserViewController.swift in Sources */ = {isa = PBXBuildFile; fileRef = 374A5332217B30E6001F3FD5 /* LoginUserViewController.swift */; };
		3758019D21736ADF004A249D /* GoogleService-Info.plist in Resources */ = {isa = PBXBuildFile; fileRef = 3758019C21736ADF004A249D /* GoogleService-Info.plist */; };
		377E07CF218026B900E0C86E /* User.swift in Sources */ = {isa = PBXBuildFile; fileRef = 377E07CE218026B900E0C86E /* User.swift */; };
		377E07D1218026D200E0C86E /* Store.swift in Sources */ = {isa = PBXBuildFile; fileRef = 377E07D0218026D200E0C86E /* Store.swift */; };
		377E07D321805AEE00E0C86E /* Alerts.swift in Sources */ = {isa = PBXBuildFile; fileRef = 377E07D221805AEE00E0C86E /* Alerts.swift */; };
		37AD736B2189B23F0036543C /* UploadToStorage.swift in Sources */ = {isa = PBXBuildFile; fileRef = 37AD736A2189B23F0036543C /* UploadToStorage.swift */; };
		37E3ABCF218577310063D127 /* AddProductViewController.swift in Sources */ = {isa = PBXBuildFile; fileRef = 37E3ABCE218577310063D127 /* AddProductViewController.swift */; };
		8AC949124311E7F4E6DE8C96 /* Pods_OurganicTests.framework in Frameworks */ = {isa = PBXBuildFile; fileRef = 748B41B9D18B672E4EB30688 /* Pods_OurganicTests.framework */; };
		C9272341AF055076FBDCF85C /* Pods_Ourganic.framework in Frameworks */ = {isa = PBXBuildFile; fileRef = 3C4ADBD78DB75C44F8A7AB8C /* Pods_Ourganic.framework */; };
		DD070656217D8874004EFA08 /* HomeViewController.swift in Sources */ = {isa = PBXBuildFile; fileRef = DD070655217D8874004EFA08 /* HomeViewController.swift */; };
		DD070659217D8AC4004EFA08 /* Home.storyboard in Resources */ = {isa = PBXBuildFile; fileRef = DD070658217D8AC4004EFA08 /* Home.storyboard */; };
		DD07065B217D93A2004EFA08 /* CategoryTableViewCell.swift in Sources */ = {isa = PBXBuildFile; fileRef = DD07065A217D93A2004EFA08 /* CategoryTableViewCell.swift */; };
		DD07065E217D959A004EFA08 /* CategoryModel.swift in Sources */ = {isa = PBXBuildFile; fileRef = DD07065D217D959A004EFA08 /* CategoryModel.swift */; };
		DDCC5BFC218802790095E1FC /* Notification.storyboard in Resources */ = {isa = PBXBuildFile; fileRef = DDCC5BFB218802790095E1FC /* Notification.storyboard */; };
		DDCC5BFE21881B1E0095E1FC /* NotificationViewController.swift in Sources */ = {isa = PBXBuildFile; fileRef = DDCC5BFD21881B1E0095E1FC /* NotificationViewController.swift */; };
		DDCC5C02218826770095E1FC /* OrderModel.swift in Sources */ = {isa = PBXBuildFile; fileRef = DDCC5C01218826770095E1FC /* OrderModel.swift */; };
		DDCC5C042188364A0095E1FC /* OrderDB.swift in Sources */ = {isa = PBXBuildFile; fileRef = DDCC5C032188364A0095E1FC /* OrderDB.swift */; };
		DDCE019721817FC100B1C1D2 /* CategoryDb.swift in Sources */ = {isa = PBXBuildFile; fileRef = DDCE019621817FC100B1C1D2 /* CategoryDb.swift */; };
		DDCE019B2182B4B600B1C1D2 /* HomeDetailViewController.swift in Sources */ = {isa = PBXBuildFile; fileRef = DDCE019A2182B4B600B1C1D2 /* HomeDetailViewController.swift */; };
		DDCE019D2182CEC200B1C1D2 /* ProductTableViewCell.swift in Sources */ = {isa = PBXBuildFile; fileRef = DDCE019C2182CEC200B1C1D2 /* ProductTableViewCell.swift */; };
		DDF102C921896B500018F50B /* OrderDetailSatuViewController.swift in Sources */ = {isa = PBXBuildFile; fileRef = DDF102C621896B500018F50B /* OrderDetailSatuViewController.swift */; };
		DDF102CA21896B500018F50B /* OrderDetailViewController.swift in Sources */ = {isa = PBXBuildFile; fileRef = DDF102C721896B500018F50B /* OrderDetailViewController.swift */; };
		DDF102CB21896B500018F50B /* TransferViewController.swift in Sources */ = {isa = PBXBuildFile; fileRef = DDF102C821896B500018F50B /* TransferViewController.swift */; };
		DDF102CD21896B580018F50B /* orderDetailView.storyboard in Resources */ = {isa = PBXBuildFile; fileRef = DDF102CC21896B580018F50B /* orderDetailView.storyboard */; };
		DDF102D0218AB1B10018F50B /* CityModel.swift in Sources */ = {isa = PBXBuildFile; fileRef = DDF102CF218AB1B10018F50B /* CityModel.swift */; };
		DDF102D2218AB2F10018F50B /* CityDB.swift in Sources */ = {isa = PBXBuildFile; fileRef = DDF102D1218AB2F10018F50B /* CityDB.swift */; };
/* End PBXBuildFile section */

/* Begin PBXContainerItemProxy section */
		3700087A2173683200AF89F3 /* PBXContainerItemProxy */ = {
			isa = PBXContainerItemProxy;
			containerPortal = 3700085D2173683000AF89F3 /* Project object */;
			proxyType = 1;
			remoteGlobalIDString = 370008642173683000AF89F3;
			remoteInfo = Ourganic;
		};
/* End PBXContainerItemProxy section */

/* Begin PBXFileReference section */
		02A37BA4F621E62B3F69D473 /* Pods-Ourganic.release.xcconfig */ = {isa = PBXFileReference; includeInIndex = 1; lastKnownFileType = text.xcconfig; name = "Pods-Ourganic.release.xcconfig"; path = "Pods/Target Support Files/Pods-Ourganic/Pods-Ourganic.release.xcconfig"; sourceTree = "<group>"; };
		370008652173683000AF89F3 /* Ourganic.app */ = {isa = PBXFileReference; explicitFileType = wrapper.application; includeInIndex = 0; path = Ourganic.app; sourceTree = BUILT_PRODUCTS_DIR; };
		370008682173683000AF89F3 /* AppDelegate.swift */ = {isa = PBXFileReference; lastKnownFileType = sourcecode.swift; path = AppDelegate.swift; sourceTree = "<group>"; };
		3700086D2173683000AF89F3 /* Base */ = {isa = PBXFileReference; lastKnownFileType = file.storyboard; name = Base; path = Base.lproj/Main.storyboard; sourceTree = "<group>"; };
		3700086F2173683100AF89F3 /* Assets.xcassets */ = {isa = PBXFileReference; lastKnownFileType = folder.assetcatalog; path = Assets.xcassets; sourceTree = "<group>"; };
		370008722173683100AF89F3 /* Base */ = {isa = PBXFileReference; lastKnownFileType = file.storyboard; name = Base; path = Base.lproj/LaunchScreen.storyboard; sourceTree = "<group>"; };
		370008742173683100AF89F3 /* Info.plist */ = {isa = PBXFileReference; lastKnownFileType = text.plist.xml; path = Info.plist; sourceTree = "<group>"; };
		370008792173683200AF89F3 /* OurganicTests.xctest */ = {isa = PBXFileReference; explicitFileType = wrapper.cfbundle; includeInIndex = 0; path = OurganicTests.xctest; sourceTree = BUILT_PRODUCTS_DIR; };
		3700087D2173683200AF89F3 /* OurganicTests.swift */ = {isa = PBXFileReference; lastKnownFileType = sourcecode.swift; path = OurganicTests.swift; sourceTree = "<group>"; };
		3700087F2173683200AF89F3 /* Info.plist */ = {isa = PBXFileReference; lastKnownFileType = text.plist.xml; path = Info.plist; sourceTree = "<group>"; };
		370F902A217582EF00B91689 /* ProfileViewController.swift */ = {isa = PBXFileReference; lastKnownFileType = sourcecode.swift; path = ProfileViewController.swift; sourceTree = "<group>"; };
		370F902C21758A0F00B91689 /* RegisterUserViewController.swift */ = {isa = PBXFileReference; lastKnownFileType = sourcecode.swift; path = RegisterUserViewController.swift; sourceTree = "<group>"; };
		370F902F217594A300B91689 /* CustomStyling.swift */ = {isa = PBXFileReference; lastKnownFileType = sourcecode.swift; path = CustomStyling.swift; sourceTree = "<group>"; };
		3712FF91218180C700E011D8 /* Product.swift */ = {isa = PBXFileReference; lastKnownFileType = sourcecode.swift; path = Product.swift; sourceTree = "<group>"; };
		372270FA218C06D20058676C /* NotificationProductTableViewCell.swift */ = {isa = PBXFileReference; lastKnownFileType = sourcecode.swift; name = NotificationProductTableViewCell.swift; path = /Users/yoshuaelmaryono/Desktop/Ourganic/Ourganic/Controller/Notification/View/NotificationProductTableViewCell.swift; sourceTree = "<absolute>"; };
		3726125B2189A9BD00EB8F6A /* PriceStepper.swift */ = {isa = PBXFileReference; fileEncoding = 4; lastKnownFileType = sourcecode.swift; path = PriceStepper.swift; sourceTree = "<group>"; };
		3733C5D4217ED359000BD6F6 /* AddStoreViewController.swift */ = {isa = PBXFileReference; lastKnownFileType = sourcecode.swift; path = AddStoreViewController.swift; sourceTree = "<group>"; };
		373B4225218AB585008471CC /* MyProductCollectionViewCell.swift */ = {isa = PBXFileReference; lastKnownFileType = sourcecode.swift; path = MyProductCollectionViewCell.swift; sourceTree = "<group>"; };
		374A5332217B30E6001F3FD5 /* LoginUserViewController.swift */ = {isa = PBXFileReference; lastKnownFileType = sourcecode.swift; path = LoginUserViewController.swift; sourceTree = "<group>"; };
		3758019C21736ADF004A249D /* GoogleService-Info.plist */ = {isa = PBXFileReference; fileEncoding = 4; lastKnownFileType = text.plist.xml; path = "GoogleService-Info.plist"; sourceTree = "<group>"; };
		377E07CE218026B900E0C86E /* User.swift */ = {isa = PBXFileReference; lastKnownFileType = sourcecode.swift; path = User.swift; sourceTree = "<group>"; };
		377E07D0218026D200E0C86E /* Store.swift */ = {isa = PBXFileReference; lastKnownFileType = sourcecode.swift; path = Store.swift; sourceTree = "<group>"; };
		377E07D221805AEE00E0C86E /* Alerts.swift */ = {isa = PBXFileReference; lastKnownFileType = sourcecode.swift; path = Alerts.swift; sourceTree = "<group>"; };
		37AD736A2189B23F0036543C /* UploadToStorage.swift */ = {isa = PBXFileReference; lastKnownFileType = sourcecode.swift; path = UploadToStorage.swift; sourceTree = "<group>"; };
		37E3ABCE218577310063D127 /* AddProductViewController.swift */ = {isa = PBXFileReference; lastKnownFileType = sourcecode.swift; path = AddProductViewController.swift; sourceTree = "<group>"; };
		3C4ADBD78DB75C44F8A7AB8C /* Pods_Ourganic.framework */ = {isa = PBXFileReference; explicitFileType = wrapper.framework; includeInIndex = 0; path = Pods_Ourganic.framework; sourceTree = BUILT_PRODUCTS_DIR; };
		6DA122225142C15FDD0D7CAA /* Pods-OurganicTests.debug.xcconfig */ = {isa = PBXFileReference; includeInIndex = 1; lastKnownFileType = text.xcconfig; name = "Pods-OurganicTests.debug.xcconfig"; path = "Pods/Target Support Files/Pods-OurganicTests/Pods-OurganicTests.debug.xcconfig"; sourceTree = "<group>"; };
		748B41B9D18B672E4EB30688 /* Pods_OurganicTests.framework */ = {isa = PBXFileReference; explicitFileType = wrapper.framework; includeInIndex = 0; path = Pods_OurganicTests.framework; sourceTree = BUILT_PRODUCTS_DIR; };
		78BC3510AAB9C788BF301711 /* Pods-OurganicTests.release.xcconfig */ = {isa = PBXFileReference; includeInIndex = 1; lastKnownFileType = text.xcconfig; name = "Pods-OurganicTests.release.xcconfig"; path = "Pods/Target Support Files/Pods-OurganicTests/Pods-OurganicTests.release.xcconfig"; sourceTree = "<group>"; };
		AC33975E00B4DE1478CB1858 /* Pods-Ourganic.debug.xcconfig */ = {isa = PBXFileReference; includeInIndex = 1; lastKnownFileType = text.xcconfig; name = "Pods-Ourganic.debug.xcconfig"; path = "Pods/Target Support Files/Pods-Ourganic/Pods-Ourganic.debug.xcconfig"; sourceTree = "<group>"; };
		DD070655217D8874004EFA08 /* HomeViewController.swift */ = {isa = PBXFileReference; lastKnownFileType = sourcecode.swift; path = HomeViewController.swift; sourceTree = "<group>"; };
		DD070658217D8AC4004EFA08 /* Home.storyboard */ = {isa = PBXFileReference; lastKnownFileType = file.storyboard; path = Home.storyboard; sourceTree = "<group>"; };
		DD07065A217D93A2004EFA08 /* CategoryTableViewCell.swift */ = {isa = PBXFileReference; lastKnownFileType = sourcecode.swift; path = CategoryTableViewCell.swift; sourceTree = "<group>"; };
		DD07065D217D959A004EFA08 /* CategoryModel.swift */ = {isa = PBXFileReference; lastKnownFileType = sourcecode.swift; path = CategoryModel.swift; sourceTree = "<group>"; };
		DDCC5BFB218802790095E1FC /* Notification.storyboard */ = {isa = PBXFileReference; lastKnownFileType = file.storyboard; path = Notification.storyboard; sourceTree = "<group>"; };
		DDCC5BFD21881B1E0095E1FC /* NotificationViewController.swift */ = {isa = PBXFileReference; lastKnownFileType = sourcecode.swift; path = NotificationViewController.swift; sourceTree = "<group>"; };
		DDCC5C01218826770095E1FC /* OrderModel.swift */ = {isa = PBXFileReference; lastKnownFileType = sourcecode.swift; path = OrderModel.swift; sourceTree = "<group>"; };
		DDCC5C032188364A0095E1FC /* OrderDB.swift */ = {isa = PBXFileReference; lastKnownFileType = sourcecode.swift; path = OrderDB.swift; sourceTree = "<group>"; };
		DDCE019621817FC100B1C1D2 /* CategoryDb.swift */ = {isa = PBXFileReference; lastKnownFileType = sourcecode.swift; path = CategoryDb.swift; sourceTree = "<group>"; };
		DDCE019A2182B4B600B1C1D2 /* HomeDetailViewController.swift */ = {isa = PBXFileReference; fileEncoding = 4; lastKnownFileType = sourcecode.swift; path = HomeDetailViewController.swift; sourceTree = "<group>"; };
		DDCE019C2182CEC200B1C1D2 /* ProductTableViewCell.swift */ = {isa = PBXFileReference; fileEncoding = 4; lastKnownFileType = sourcecode.swift; path = ProductTableViewCell.swift; sourceTree = "<group>"; };
		DDF102C621896B500018F50B /* OrderDetailSatuViewController.swift */ = {isa = PBXFileReference; fileEncoding = 4; lastKnownFileType = sourcecode.swift; path = OrderDetailSatuViewController.swift; sourceTree = "<group>"; };
		DDF102C721896B500018F50B /* OrderDetailViewController.swift */ = {isa = PBXFileReference; fileEncoding = 4; lastKnownFileType = sourcecode.swift; path = OrderDetailViewController.swift; sourceTree = "<group>"; };
		DDF102C821896B500018F50B /* TransferViewController.swift */ = {isa = PBXFileReference; fileEncoding = 4; lastKnownFileType = sourcecode.swift; path = TransferViewController.swift; sourceTree = "<group>"; };
		DDF102CC21896B580018F50B /* orderDetailView.storyboard */ = {isa = PBXFileReference; fileEncoding = 4; lastKnownFileType = file.storyboard; path = orderDetailView.storyboard; sourceTree = "<group>"; };
		DDF102CF218AB1B10018F50B /* CityModel.swift */ = {isa = PBXFileReference; lastKnownFileType = sourcecode.swift; path = CityModel.swift; sourceTree = "<group>"; };
		DDF102D1218AB2F10018F50B /* CityDB.swift */ = {isa = PBXFileReference; lastKnownFileType = sourcecode.swift; path = CityDB.swift; sourceTree = "<group>"; };
/* End PBXFileReference section */

/* Begin PBXFrameworksBuildPhase section */
		370008622173683000AF89F3 /* Frameworks */ = {
			isa = PBXFrameworksBuildPhase;
			buildActionMask = 2147483647;
			files = (
				C9272341AF055076FBDCF85C /* Pods_Ourganic.framework in Frameworks */,
			);
			runOnlyForDeploymentPostprocessing = 0;
		};
		370008762173683200AF89F3 /* Frameworks */ = {
			isa = PBXFrameworksBuildPhase;
			buildActionMask = 2147483647;
			files = (
				8AC949124311E7F4E6DE8C96 /* Pods_OurganicTests.framework in Frameworks */,
			);
			runOnlyForDeploymentPostprocessing = 0;
		};
/* End PBXFrameworksBuildPhase section */

/* Begin PBXGroup section */
		359DF2F4FEFAABB38109A72D /* Pods */ = {
			isa = PBXGroup;
			children = (
				AC33975E00B4DE1478CB1858 /* Pods-Ourganic.debug.xcconfig */,
				02A37BA4F621E62B3F69D473 /* Pods-Ourganic.release.xcconfig */,
				6DA122225142C15FDD0D7CAA /* Pods-OurganicTests.debug.xcconfig */,
				78BC3510AAB9C788BF301711 /* Pods-OurganicTests.release.xcconfig */,
			);
			name = Pods;
			sourceTree = "<group>";
		};
		3700085C2173683000AF89F3 = {
			isa = PBXGroup;
			children = (
				370008672173683000AF89F3 /* Ourganic */,
				3700087C2173683200AF89F3 /* OurganicTests */,
				370008662173683000AF89F3 /* Products */,
				359DF2F4FEFAABB38109A72D /* Pods */,
				DBA92FE5A64F4D30F76A6FD7 /* Frameworks */,
			);
			sourceTree = "<group>";
		};
		370008662173683000AF89F3 /* Products */ = {
			isa = PBXGroup;
			children = (
				370008652173683000AF89F3 /* Ourganic.app */,
				370008792173683200AF89F3 /* OurganicTests.xctest */,
			);
			name = Products;
			sourceTree = "<group>";
		};
		370008672173683000AF89F3 /* Ourganic */ = {
			isa = PBXGroup;
			children = (
				377E07CD218026A300E0C86E /* DatabaseAccess */,
				DD070653217D8822004EFA08 /* Util */,
				DD07065C217D9550004EFA08 /* Model */,
				DD070652217D87D1004EFA08 /* Controller */,
				370008682173683000AF89F3 /* AppDelegate.swift */,
				3700086F2173683100AF89F3 /* Assets.xcassets */,
				370008712173683100AF89F3 /* LaunchScreen.storyboard */,
				370008742173683100AF89F3 /* Info.plist */,
				3758019C21736ADF004A249D /* GoogleService-Info.plist */,
			);
			path = Ourganic;
			sourceTree = "<group>";
		};
		3700087C2173683200AF89F3 /* OurganicTests */ = {
			isa = PBXGroup;
			children = (
				3700087D2173683200AF89F3 /* OurganicTests.swift */,
				3700087F2173683200AF89F3 /* Info.plist */,
			);
			path = OurganicTests;
			sourceTree = "<group>";
		};
		370F902E21758A1700B91689 /* Profile */ = {
			isa = PBXGroup;
			children = (
				370F902A217582EF00B91689 /* ProfileViewController.swift */,
				373B4225218AB585008471CC /* MyProductCollectionViewCell.swift */,
				370F902C21758A0F00B91689 /* RegisterUserViewController.swift */,
				374A5332217B30E6001F3FD5 /* LoginUserViewController.swift */,
				3733C5D4217ED359000BD6F6 /* AddStoreViewController.swift */,
				37E3ABCE218577310063D127 /* AddProductViewController.swift */,
			);
			path = Profile;
			sourceTree = "<group>";
		};
		377E07CD218026A300E0C86E /* DatabaseAccess */ = {
			isa = PBXGroup;
			children = (
				377E07CE218026B900E0C86E /* User.swift */,
				377E07D0218026D200E0C86E /* Store.swift */,
				DDCE019621817FC100B1C1D2 /* CategoryDb.swift */,
				3712FF91218180C700E011D8 /* Product.swift */,
				DDCC5C032188364A0095E1FC /* OrderDB.swift */,
				37AD736A2189B23F0036543C /* UploadToStorage.swift */,
				DDF102D1218AB2F10018F50B /* CityDB.swift */,
			);
			path = DatabaseAccess;
			sourceTree = "<group>";
		};
		DBA92FE5A64F4D30F76A6FD7 /* Frameworks */ = {
			isa = PBXGroup;
			children = (
				3C4ADBD78DB75C44F8A7AB8C /* Pods_Ourganic.framework */,
				748B41B9D18B672E4EB30688 /* Pods_OurganicTests.framework */,
			);
			name = Frameworks;
			sourceTree = "<group>";
		};
		DD070652217D87D1004EFA08 /* Controller */ = {
			isa = PBXGroup;
			children = (
				3700086C2173683000AF89F3 /* Main.storyboard */,
				DD070654217D884A004EFA08 /* Home */,
				370F902E21758A1700B91689 /* Profile */,
				DDCC5BF9218801C30095E1FC /* Notification */,
			);
			path = Controller;
			sourceTree = "<group>";
		};
		DD070653217D8822004EFA08 /* Util */ = {
			isa = PBXGroup;
			children = (
				370F902F217594A300B91689 /* CustomStyling.swift */,
				377E07D221805AEE00E0C86E /* Alerts.swift */,
			);
			path = Util;
			sourceTree = "<group>";
		};
		DD070654217D884A004EFA08 /* Home */ = {
			isa = PBXGroup;
			children = (
				DDF102C821896B500018F50B /* TransferViewController.swift */,
				DDF102C721896B500018F50B /* OrderDetailViewController.swift */,
				DDF102C621896B500018F50B /* OrderDetailSatuViewController.swift */,
				DD070655217D8874004EFA08 /* HomeViewController.swift */,
				DDCE019A2182B4B600B1C1D2 /* HomeDetailViewController.swift */,
				DD070657217D8AAF004EFA08 /* View */,
			);
			path = Home;
			sourceTree = "<group>";
		};
		DD070657217D8AAF004EFA08 /* View */ = {
			isa = PBXGroup;
			children = (
				3726125B2189A9BD00EB8F6A /* PriceStepper.swift */,
				DDF102CC21896B580018F50B /* orderDetailView.storyboard */,
				DD070658217D8AC4004EFA08 /* Home.storyboard */,
				DD07065A217D93A2004EFA08 /* CategoryTableViewCell.swift */,
				DDCE019C2182CEC200B1C1D2 /* ProductTableViewCell.swift */,
			);
			path = View;
			sourceTree = "<group>";
		};
		DD07065C217D9550004EFA08 /* Model */ = {
			isa = PBXGroup;
			children = (
				DD07065D217D959A004EFA08 /* CategoryModel.swift */,
				DDCC5C01218826770095E1FC /* OrderModel.swift */,
				DDF102CF218AB1B10018F50B /* CityModel.swift */,
			);
			path = Model;
			sourceTree = "<group>";
		};
		DDCC5BF9218801C30095E1FC /* Notification */ = {
			isa = PBXGroup;
			children = (
				DDCC5BFD21881B1E0095E1FC /* NotificationViewController.swift */,
				DDCC5BFA218802690095E1FC /* View */,
			);
			path = Notification;
			sourceTree = "<group>";
		};
		DDCC5BFA218802690095E1FC /* View */ = {
			isa = PBXGroup;
			children = (
				372270FA218C06D20058676C /* NotificationProductTableViewCell.swift */,
				DDCC5BFB218802790095E1FC /* Notification.storyboard */,
			);
			path = View;
			sourceTree = "<group>";
		};
/* End PBXGroup section */

/* Begin PBXNativeTarget section */
		370008642173683000AF89F3 /* Ourganic */ = {
			isa = PBXNativeTarget;
			buildConfigurationList = 370008822173683200AF89F3 /* Build configuration list for PBXNativeTarget "Ourganic" */;
			buildPhases = (
				9B7D213DB8F8E736AF411069 /* [CP] Check Pods Manifest.lock */,
				370008612173683000AF89F3 /* Sources */,
				370008622173683000AF89F3 /* Frameworks */,
				370008632173683000AF89F3 /* Resources */,
				F73AF53F85CB4AFC0DCD3CB4 /* [CP] Embed Pods Frameworks */,
				8F3C44D48C7DF0158D7D260E /* [CP] Copy Pods Resources */,
			);
			buildRules = (
			);
			dependencies = (
			);
			name = Ourganic;
			productName = Ourganic;
			productReference = 370008652173683000AF89F3 /* Ourganic.app */;
			productType = "com.apple.product-type.application";
		};
		370008782173683200AF89F3 /* OurganicTests */ = {
			isa = PBXNativeTarget;
			buildConfigurationList = 370008852173683200AF89F3 /* Build configuration list for PBXNativeTarget "OurganicTests" */;
			buildPhases = (
				06FC564964D657279085450A /* [CP] Check Pods Manifest.lock */,
				370008752173683200AF89F3 /* Sources */,
				370008762173683200AF89F3 /* Frameworks */,
				370008772173683200AF89F3 /* Resources */,
			);
			buildRules = (
			);
			dependencies = (
				3700087B2173683200AF89F3 /* PBXTargetDependency */,
			);
			name = OurganicTests;
			productName = OurganicTests;
			productReference = 370008792173683200AF89F3 /* OurganicTests.xctest */;
			productType = "com.apple.product-type.bundle.unit-test";
		};
/* End PBXNativeTarget section */

/* Begin PBXProject section */
		3700085D2173683000AF89F3 /* Project object */ = {
			isa = PBXProject;
			attributes = {
				LastSwiftUpdateCheck = 1000;
				LastUpgradeCheck = 1000;
				ORGANIZATIONNAME = "Yoshua Elmaryono";
				TargetAttributes = {
					370008642173683000AF89F3 = {
						CreatedOnToolsVersion = 10.0;
					};
					370008782173683200AF89F3 = {
						CreatedOnToolsVersion = 10.0;
						TestTargetID = 370008642173683000AF89F3;
					};
				};
			};
			buildConfigurationList = 370008602173683000AF89F3 /* Build configuration list for PBXProject "Ourganic" */;
			compatibilityVersion = "Xcode 9.3";
			developmentRegion = en;
			hasScannedForEncodings = 0;
			knownRegions = (
				en,
				Base,
			);
			mainGroup = 3700085C2173683000AF89F3;
			productRefGroup = 370008662173683000AF89F3 /* Products */;
			projectDirPath = "";
			projectRoot = "";
			targets = (
				370008642173683000AF89F3 /* Ourganic */,
				370008782173683200AF89F3 /* OurganicTests */,
			);
		};
/* End PBXProject section */

/* Begin PBXResourcesBuildPhase section */
		370008632173683000AF89F3 /* Resources */ = {
			isa = PBXResourcesBuildPhase;
			buildActionMask = 2147483647;
			files = (
				370008732173683100AF89F3 /* LaunchScreen.storyboard in Resources */,
				DDF102CD21896B580018F50B /* orderDetailView.storyboard in Resources */,
				DD070659217D8AC4004EFA08 /* Home.storyboard in Resources */,
				3758019D21736ADF004A249D /* GoogleService-Info.plist in Resources */,
				370008702173683100AF89F3 /* Assets.xcassets in Resources */,
				3700086E2173683000AF89F3 /* Main.storyboard in Resources */,
				DDCC5BFC218802790095E1FC /* Notification.storyboard in Resources */,
			);
			runOnlyForDeploymentPostprocessing = 0;
		};
		370008772173683200AF89F3 /* Resources */ = {
			isa = PBXResourcesBuildPhase;
			buildActionMask = 2147483647;
			files = (
			);
			runOnlyForDeploymentPostprocessing = 0;
		};
/* End PBXResourcesBuildPhase section */

/* Begin PBXShellScriptBuildPhase section */
		06FC564964D657279085450A /* [CP] Check Pods Manifest.lock */ = {
			isa = PBXShellScriptBuildPhase;
			buildActionMask = 2147483647;
			files = (
			);
			inputPaths = (
				"${PODS_PODFILE_DIR_PATH}/Podfile.lock",
				"${PODS_ROOT}/Manifest.lock",
			);
			name = "[CP] Check Pods Manifest.lock";
			outputPaths = (
				"$(DERIVED_FILE_DIR)/Pods-OurganicTests-checkManifestLockResult.txt",
			);
			runOnlyForDeploymentPostprocessing = 0;
			shellPath = /bin/sh;
			shellScript = "diff \"${PODS_PODFILE_DIR_PATH}/Podfile.lock\" \"${PODS_ROOT}/Manifest.lock\" > /dev/null\nif [ $? != 0 ] ; then\n    # print error to STDERR\n    echo \"error: The sandbox is not in sync with the Podfile.lock. Run 'pod install' or update your CocoaPods installation.\" >&2\n    exit 1\nfi\n# This output is used by Xcode 'outputs' to avoid re-running this script phase.\necho \"SUCCESS\" > \"${SCRIPT_OUTPUT_FILE_0}\"\n";
			showEnvVarsInLog = 0;
		};
		8F3C44D48C7DF0158D7D260E /* [CP] Copy Pods Resources */ = {
			isa = PBXShellScriptBuildPhase;
			buildActionMask = 2147483647;
			files = (
			);
			inputPaths = (
				"${SRCROOT}/Pods/Target Support Files/Pods-Ourganic/Pods-Ourganic-resources.sh",
				"${PODS_CONFIGURATION_BUILD_DIR}/FirebaseUI/FirebaseAnonymousAuthUI.bundle",
				"${PODS_CONFIGURATION_BUILD_DIR}/FirebaseUI/FirebaseAuthUI.bundle",
				"${PODS_CONFIGURATION_BUILD_DIR}/FirebaseUI/FirebaseFacebookAuthUI.bundle",
				"${PODS_CONFIGURATION_BUILD_DIR}/FirebaseUI/FirebaseGoogleAuthUI.bundle",
				"${PODS_CONFIGURATION_BUILD_DIR}/FirebaseUI/FirebasePhoneAuthUI.bundle",
				"${PODS_CONFIGURATION_BUILD_DIR}/FirebaseUI/FirebaseTwitterAuthUI.bundle",
				"${PODS_ROOT}/GoogleSignIn/Resources/GoogleSignIn.bundle",
				"${PODS_ROOT}/TwitterKit/iOS/TwitterKit.framework/TwitterKitResources.bundle",
			);
			name = "[CP] Copy Pods Resources";
			outputPaths = (
				"${TARGET_BUILD_DIR}/${UNLOCALIZED_RESOURCES_FOLDER_PATH}/FirebaseAnonymousAuthUI.bundle",
				"${TARGET_BUILD_DIR}/${UNLOCALIZED_RESOURCES_FOLDER_PATH}/FirebaseAuthUI.bundle",
				"${TARGET_BUILD_DIR}/${UNLOCALIZED_RESOURCES_FOLDER_PATH}/FirebaseFacebookAuthUI.bundle",
				"${TARGET_BUILD_DIR}/${UNLOCALIZED_RESOURCES_FOLDER_PATH}/FirebaseGoogleAuthUI.bundle",
				"${TARGET_BUILD_DIR}/${UNLOCALIZED_RESOURCES_FOLDER_PATH}/FirebasePhoneAuthUI.bundle",
				"${TARGET_BUILD_DIR}/${UNLOCALIZED_RESOURCES_FOLDER_PATH}/FirebaseTwitterAuthUI.bundle",
				"${TARGET_BUILD_DIR}/${UNLOCALIZED_RESOURCES_FOLDER_PATH}/GoogleSignIn.bundle",
				"${TARGET_BUILD_DIR}/${UNLOCALIZED_RESOURCES_FOLDER_PATH}/TwitterKitResources.bundle",
			);
			runOnlyForDeploymentPostprocessing = 0;
			shellPath = /bin/sh;
			shellScript = "\"${SRCROOT}/Pods/Target Support Files/Pods-Ourganic/Pods-Ourganic-resources.sh\"\n";
			showEnvVarsInLog = 0;
		};
		9B7D213DB8F8E736AF411069 /* [CP] Check Pods Manifest.lock */ = {
			isa = PBXShellScriptBuildPhase;
			buildActionMask = 2147483647;
			files = (
			);
			inputPaths = (
				"${PODS_PODFILE_DIR_PATH}/Podfile.lock",
				"${PODS_ROOT}/Manifest.lock",
			);
			name = "[CP] Check Pods Manifest.lock";
			outputPaths = (
				"$(DERIVED_FILE_DIR)/Pods-Ourganic-checkManifestLockResult.txt",
			);
			runOnlyForDeploymentPostprocessing = 0;
			shellPath = /bin/sh;
			shellScript = "diff \"${PODS_PODFILE_DIR_PATH}/Podfile.lock\" \"${PODS_ROOT}/Manifest.lock\" > /dev/null\nif [ $? != 0 ] ; then\n    # print error to STDERR\n    echo \"error: The sandbox is not in sync with the Podfile.lock. Run 'pod install' or update your CocoaPods installation.\" >&2\n    exit 1\nfi\n# This output is used by Xcode 'outputs' to avoid re-running this script phase.\necho \"SUCCESS\" > \"${SCRIPT_OUTPUT_FILE_0}\"\n";
			showEnvVarsInLog = 0;
		};
		F73AF53F85CB4AFC0DCD3CB4 /* [CP] Embed Pods Frameworks */ = {
			isa = PBXShellScriptBuildPhase;
			buildActionMask = 2147483647;
			files = (
			);
			inputPaths = (
				"${SRCROOT}/Pods/Target Support Files/Pods-Ourganic/Pods-Ourganic-frameworks.sh",
				"${BUILT_PRODUCTS_DIR}/AACarousel/AACarousel.framework",
				"${BUILT_PRODUCTS_DIR}/Bolts/Bolts.framework",
				"${BUILT_PRODUCTS_DIR}/BoringSSL/openssl.framework",
				"${BUILT_PRODUCTS_DIR}/FBSDKCoreKit/FBSDKCoreKit.framework",
				"${BUILT_PRODUCTS_DIR}/FBSDKLoginKit/FBSDKLoginKit.framework",
				"${BUILT_PRODUCTS_DIR}/GTMOAuth2/GTMOAuth2.framework",
				"${BUILT_PRODUCTS_DIR}/GTMSessionFetcher/GTMSessionFetcher.framework",
				"${BUILT_PRODUCTS_DIR}/GoogleToolboxForMac/GoogleToolboxForMac.framework",
				"${BUILT_PRODUCTS_DIR}/GoogleUtilities/GoogleUtilities.framework",
				"${BUILT_PRODUCTS_DIR}/IQKeyboardManagerSwift/IQKeyboardManagerSwift.framework",
				"${BUILT_PRODUCTS_DIR}/Kingfisher/Kingfisher.framework",
				"${BUILT_PRODUCTS_DIR}/Protobuf/Protobuf.framework",
				"${BUILT_PRODUCTS_DIR}/SDWebImage/SDWebImage.framework",
				"${BUILT_PRODUCTS_DIR}/SideMenu/SideMenu.framework",
				"${PODS_ROOT}/TwitterCore/iOS/TwitterCore.framework",
				"${PODS_ROOT}/TwitterKit/iOS/TwitterKit.framework",
				"${BUILT_PRODUCTS_DIR}/gRPC/GRPCClient.framework",
				"${BUILT_PRODUCTS_DIR}/gRPC-C++/grpcpp.framework",
				"${BUILT_PRODUCTS_DIR}/gRPC-Core/grpc.framework",
				"${BUILT_PRODUCTS_DIR}/gRPC-ProtoRPC/ProtoRPC.framework",
				"${BUILT_PRODUCTS_DIR}/gRPC-RxLibrary/RxLibrary.framework",
				"${BUILT_PRODUCTS_DIR}/leveldb-library/leveldb.framework",
				"${BUILT_PRODUCTS_DIR}/nanopb/nanopb.framework",
			);
			name = "[CP] Embed Pods Frameworks";
			outputPaths = (
				"${TARGET_BUILD_DIR}/${FRAMEWORKS_FOLDER_PATH}/AACarousel.framework",
				"${TARGET_BUILD_DIR}/${FRAMEWORKS_FOLDER_PATH}/Bolts.framework",
				"${TARGET_BUILD_DIR}/${FRAMEWORKS_FOLDER_PATH}/openssl.framework",
				"${TARGET_BUILD_DIR}/${FRAMEWORKS_FOLDER_PATH}/FBSDKCoreKit.framework",
				"${TARGET_BUILD_DIR}/${FRAMEWORKS_FOLDER_PATH}/FBSDKLoginKit.framework",
				"${TARGET_BUILD_DIR}/${FRAMEWORKS_FOLDER_PATH}/GTMOAuth2.framework",
				"${TARGET_BUILD_DIR}/${FRAMEWORKS_FOLDER_PATH}/GTMSessionFetcher.framework",
				"${TARGET_BUILD_DIR}/${FRAMEWORKS_FOLDER_PATH}/GoogleToolboxForMac.framework",
				"${TARGET_BUILD_DIR}/${FRAMEWORKS_FOLDER_PATH}/GoogleUtilities.framework",
				"${TARGET_BUILD_DIR}/${FRAMEWORKS_FOLDER_PATH}/IQKeyboardManagerSwift.framework",
				"${TARGET_BUILD_DIR}/${FRAMEWORKS_FOLDER_PATH}/Kingfisher.framework",
				"${TARGET_BUILD_DIR}/${FRAMEWORKS_FOLDER_PATH}/Protobuf.framework",
				"${TARGET_BUILD_DIR}/${FRAMEWORKS_FOLDER_PATH}/SDWebImage.framework",
				"${TARGET_BUILD_DIR}/${FRAMEWORKS_FOLDER_PATH}/SideMenu.framework",
				"${TARGET_BUILD_DIR}/${FRAMEWORKS_FOLDER_PATH}/TwitterCore.framework",
				"${TARGET_BUILD_DIR}/${FRAMEWORKS_FOLDER_PATH}/TwitterKit.framework",
				"${TARGET_BUILD_DIR}/${FRAMEWORKS_FOLDER_PATH}/GRPCClient.framework",
				"${TARGET_BUILD_DIR}/${FRAMEWORKS_FOLDER_PATH}/grpcpp.framework",
				"${TARGET_BUILD_DIR}/${FRAMEWORKS_FOLDER_PATH}/grpc.framework",
				"${TARGET_BUILD_DIR}/${FRAMEWORKS_FOLDER_PATH}/ProtoRPC.framework",
				"${TARGET_BUILD_DIR}/${FRAMEWORKS_FOLDER_PATH}/RxLibrary.framework",
				"${TARGET_BUILD_DIR}/${FRAMEWORKS_FOLDER_PATH}/leveldb.framework",
				"${TARGET_BUILD_DIR}/${FRAMEWORKS_FOLDER_PATH}/nanopb.framework",
			);
			runOnlyForDeploymentPostprocessing = 0;
			shellPath = /bin/sh;
			shellScript = "\"${SRCROOT}/Pods/Target Support Files/Pods-Ourganic/Pods-Ourganic-frameworks.sh\"\n";
			showEnvVarsInLog = 0;
		};
/* End PBXShellScriptBuildPhase section */

/* Begin PBXSourcesBuildPhase section */
		370008612173683000AF89F3 /* Sources */ = {
			isa = PBXSourcesBuildPhase;
			buildActionMask = 2147483647;
			files = (
				DDF102CA21896B500018F50B /* OrderDetailViewController.swift in Sources */,
				374A5333217B30E6001F3FD5 /* LoginUserViewController.swift in Sources */,
				370F902B217582EF00B91689 /* ProfileViewController.swift in Sources */,
				DDF102C921896B500018F50B /* OrderDetailSatuViewController.swift in Sources */,
				370F902D21758A0F00B91689 /* RegisterUserViewController.swift in Sources */,
				370008692173683000AF89F3 /* AppDelegate.swift in Sources */,
				DDCE019B2182B4B600B1C1D2 /* HomeDetailViewController.swift in Sources */,
				DDCE019D2182CEC200B1C1D2 /* ProductTableViewCell.swift in Sources */,
				DDF102D2218AB2F10018F50B /* CityDB.swift in Sources */,
				DD07065B217D93A2004EFA08 /* CategoryTableViewCell.swift in Sources */,
				370F9030217594A300B91689 /* CustomStyling.swift in Sources */,
				37E3ABCF218577310063D127 /* AddProductViewController.swift in Sources */,
				377E07D1218026D200E0C86E /* Store.swift in Sources */,
				DDCC5C02218826770095E1FC /* OrderModel.swift in Sources */,
				3726125C2189A9BD00EB8F6A /* PriceStepper.swift in Sources */,
				3733C5D5217ED359000BD6F6 /* AddStoreViewController.swift in Sources */,
				DD070656217D8874004EFA08 /* HomeViewController.swift in Sources */,
				DDCC5BFE21881B1E0095E1FC /* NotificationViewController.swift in Sources */,
				DDF102CB21896B500018F50B /* TransferViewController.swift in Sources */,
				DDCE019721817FC100B1C1D2 /* CategoryDb.swift in Sources */,
				377E07CF218026B900E0C86E /* User.swift in Sources */,
				DDF102D0218AB1B10018F50B /* CityModel.swift in Sources */,
				DDCC5C042188364A0095E1FC /* OrderDB.swift in Sources */,
				377E07D321805AEE00E0C86E /* Alerts.swift in Sources */,
				DD07065E217D959A004EFA08 /* CategoryModel.swift in Sources */,
				DD07065E217D959A004EFA08 /* CategoryModel.swift in Sources */,
				372270FB218C06D20058676C /* NotificationProductTableViewCell.swift in Sources */,
				3712FF92218180C700E011D8 /* Product.swift in Sources */,
				373B4226218AB585008471CC /* MyProductCollectionViewCell.swift in Sources */,
				37AD736B2189B23F0036543C /* UploadToStorage.swift in Sources */,
			);
			runOnlyForDeploymentPostprocessing = 0;
		};
		370008752173683200AF89F3 /* Sources */ = {
			isa = PBXSourcesBuildPhase;
			buildActionMask = 2147483647;
			files = (
				3700087E2173683200AF89F3 /* OurganicTests.swift in Sources */,
			);
			runOnlyForDeploymentPostprocessing = 0;
		};
/* End PBXSourcesBuildPhase section */

/* Begin PBXTargetDependency section */
		3700087B2173683200AF89F3 /* PBXTargetDependency */ = {
			isa = PBXTargetDependency;
			target = 370008642173683000AF89F3 /* Ourganic */;
			targetProxy = 3700087A2173683200AF89F3 /* PBXContainerItemProxy */;
		};
/* End PBXTargetDependency section */

/* Begin PBXVariantGroup section */
		3700086C2173683000AF89F3 /* Main.storyboard */ = {
			isa = PBXVariantGroup;
			children = (
				3700086D2173683000AF89F3 /* Base */,
			);
			name = Main.storyboard;
			sourceTree = "<group>";
		};
		370008712173683100AF89F3 /* LaunchScreen.storyboard */ = {
			isa = PBXVariantGroup;
			children = (
				370008722173683100AF89F3 /* Base */,
			);
			name = LaunchScreen.storyboard;
			sourceTree = "<group>";
		};
/* End PBXVariantGroup section */

/* Begin XCBuildConfiguration section */
		370008802173683200AF89F3 /* Debug */ = {
			isa = XCBuildConfiguration;
			buildSettings = {
				ALWAYS_SEARCH_USER_PATHS = NO;
				CLANG_ANALYZER_NONNULL = YES;
				CLANG_ANALYZER_NUMBER_OBJECT_CONVERSION = YES_AGGRESSIVE;
				CLANG_CXX_LANGUAGE_STANDARD = "gnu++14";
				CLANG_CXX_LIBRARY = "libc++";
				CLANG_ENABLE_MODULES = YES;
				CLANG_ENABLE_OBJC_ARC = YES;
				CLANG_ENABLE_OBJC_WEAK = YES;
				CLANG_WARN_BLOCK_CAPTURE_AUTORELEASING = YES;
				CLANG_WARN_BOOL_CONVERSION = YES;
				CLANG_WARN_COMMA = YES;
				CLANG_WARN_CONSTANT_CONVERSION = YES;
				CLANG_WARN_DEPRECATED_OBJC_IMPLEMENTATIONS = YES;
				CLANG_WARN_DIRECT_OBJC_ISA_USAGE = YES_ERROR;
				CLANG_WARN_DOCUMENTATION_COMMENTS = YES;
				CLANG_WARN_EMPTY_BODY = YES;
				CLANG_WARN_ENUM_CONVERSION = YES;
				CLANG_WARN_INFINITE_RECURSION = YES;
				CLANG_WARN_INT_CONVERSION = YES;
				CLANG_WARN_NON_LITERAL_NULL_CONVERSION = YES;
				CLANG_WARN_OBJC_IMPLICIT_RETAIN_SELF = YES;
				CLANG_WARN_OBJC_LITERAL_CONVERSION = YES;
				CLANG_WARN_OBJC_ROOT_CLASS = YES_ERROR;
				CLANG_WARN_RANGE_LOOP_ANALYSIS = YES;
				CLANG_WARN_STRICT_PROTOTYPES = YES;
				CLANG_WARN_SUSPICIOUS_MOVE = YES;
				CLANG_WARN_UNGUARDED_AVAILABILITY = YES_AGGRESSIVE;
				CLANG_WARN_UNREACHABLE_CODE = YES;
				CLANG_WARN__DUPLICATE_METHOD_MATCH = YES;
				CODE_SIGN_IDENTITY = "iPhone Developer";
				COPY_PHASE_STRIP = NO;
				DEBUG_INFORMATION_FORMAT = dwarf;
				ENABLE_STRICT_OBJC_MSGSEND = YES;
				ENABLE_TESTABILITY = YES;
				GCC_C_LANGUAGE_STANDARD = gnu11;
				GCC_DYNAMIC_NO_PIC = NO;
				GCC_NO_COMMON_BLOCKS = YES;
				GCC_OPTIMIZATION_LEVEL = 0;
				GCC_PREPROCESSOR_DEFINITIONS = (
					"DEBUG=1",
					"$(inherited)",
				);
				GCC_WARN_64_TO_32_BIT_CONVERSION = YES;
				GCC_WARN_ABOUT_RETURN_TYPE = YES_ERROR;
				GCC_WARN_UNDECLARED_SELECTOR = YES;
				GCC_WARN_UNINITIALIZED_AUTOS = YES_AGGRESSIVE;
				GCC_WARN_UNUSED_FUNCTION = YES;
				GCC_WARN_UNUSED_VARIABLE = YES;
				IPHONEOS_DEPLOYMENT_TARGET = 12.0;
				MTL_ENABLE_DEBUG_INFO = INCLUDE_SOURCE;
				MTL_FAST_MATH = YES;
				ONLY_ACTIVE_ARCH = YES;
				SDKROOT = iphoneos;
				SWIFT_ACTIVE_COMPILATION_CONDITIONS = DEBUG;
				SWIFT_OPTIMIZATION_LEVEL = "-Onone";
			};
			name = Debug;
		};
		370008812173683200AF89F3 /* Release */ = {
			isa = XCBuildConfiguration;
			buildSettings = {
				ALWAYS_SEARCH_USER_PATHS = NO;
				CLANG_ANALYZER_NONNULL = YES;
				CLANG_ANALYZER_NUMBER_OBJECT_CONVERSION = YES_AGGRESSIVE;
				CLANG_CXX_LANGUAGE_STANDARD = "gnu++14";
				CLANG_CXX_LIBRARY = "libc++";
				CLANG_ENABLE_MODULES = YES;
				CLANG_ENABLE_OBJC_ARC = YES;
				CLANG_ENABLE_OBJC_WEAK = YES;
				CLANG_WARN_BLOCK_CAPTURE_AUTORELEASING = YES;
				CLANG_WARN_BOOL_CONVERSION = YES;
				CLANG_WARN_COMMA = YES;
				CLANG_WARN_CONSTANT_CONVERSION = YES;
				CLANG_WARN_DEPRECATED_OBJC_IMPLEMENTATIONS = YES;
				CLANG_WARN_DIRECT_OBJC_ISA_USAGE = YES_ERROR;
				CLANG_WARN_DOCUMENTATION_COMMENTS = YES;
				CLANG_WARN_EMPTY_BODY = YES;
				CLANG_WARN_ENUM_CONVERSION = YES;
				CLANG_WARN_INFINITE_RECURSION = YES;
				CLANG_WARN_INT_CONVERSION = YES;
				CLANG_WARN_NON_LITERAL_NULL_CONVERSION = YES;
				CLANG_WARN_OBJC_IMPLICIT_RETAIN_SELF = YES;
				CLANG_WARN_OBJC_LITERAL_CONVERSION = YES;
				CLANG_WARN_OBJC_ROOT_CLASS = YES_ERROR;
				CLANG_WARN_RANGE_LOOP_ANALYSIS = YES;
				CLANG_WARN_STRICT_PROTOTYPES = YES;
				CLANG_WARN_SUSPICIOUS_MOVE = YES;
				CLANG_WARN_UNGUARDED_AVAILABILITY = YES_AGGRESSIVE;
				CLANG_WARN_UNREACHABLE_CODE = YES;
				CLANG_WARN__DUPLICATE_METHOD_MATCH = YES;
				CODE_SIGN_IDENTITY = "iPhone Developer";
				COPY_PHASE_STRIP = NO;
				DEBUG_INFORMATION_FORMAT = "dwarf-with-dsym";
				ENABLE_NS_ASSERTIONS = NO;
				ENABLE_STRICT_OBJC_MSGSEND = YES;
				GCC_C_LANGUAGE_STANDARD = gnu11;
				GCC_NO_COMMON_BLOCKS = YES;
				GCC_WARN_64_TO_32_BIT_CONVERSION = YES;
				GCC_WARN_ABOUT_RETURN_TYPE = YES_ERROR;
				GCC_WARN_UNDECLARED_SELECTOR = YES;
				GCC_WARN_UNINITIALIZED_AUTOS = YES_AGGRESSIVE;
				GCC_WARN_UNUSED_FUNCTION = YES;
				GCC_WARN_UNUSED_VARIABLE = YES;
				IPHONEOS_DEPLOYMENT_TARGET = 12.0;
				MTL_ENABLE_DEBUG_INFO = NO;
				MTL_FAST_MATH = YES;
				SDKROOT = iphoneos;
				SWIFT_COMPILATION_MODE = wholemodule;
				SWIFT_OPTIMIZATION_LEVEL = "-O";
				VALIDATE_PRODUCT = YES;
			};
			name = Release;
		};
		370008832173683200AF89F3 /* Debug */ = {
			isa = XCBuildConfiguration;
			baseConfigurationReference = AC33975E00B4DE1478CB1858 /* Pods-Ourganic.debug.xcconfig */;
			buildSettings = {
				ASSETCATALOG_COMPILER_APPICON_NAME = AppIcon;
				CODE_SIGN_STYLE = Automatic;
				DEVELOPMENT_TEAM = N55A3MSD3W;
				INFOPLIST_FILE = Ourganic/Info.plist;
				LD_RUNPATH_SEARCH_PATHS = (
					"$(inherited)",
					"@executable_path/Frameworks",
				);
				PRODUCT_BUNDLE_IDENTIFIER = "yoshua-elmaryono.Ourganic";
				PRODUCT_NAME = "$(TARGET_NAME)";
				SWIFT_VERSION = 4.2;
				TARGETED_DEVICE_FAMILY = "1,2";
			};
			name = Debug;
		};
		370008842173683200AF89F3 /* Release */ = {
			isa = XCBuildConfiguration;
			baseConfigurationReference = 02A37BA4F621E62B3F69D473 /* Pods-Ourganic.release.xcconfig */;
			buildSettings = {
				ASSETCATALOG_COMPILER_APPICON_NAME = AppIcon;
				CODE_SIGN_STYLE = Automatic;
				DEVELOPMENT_TEAM = N55A3MSD3W;
				INFOPLIST_FILE = Ourganic/Info.plist;
				LD_RUNPATH_SEARCH_PATHS = (
					"$(inherited)",
					"@executable_path/Frameworks",
				);
				PRODUCT_BUNDLE_IDENTIFIER = "yoshua-elmaryono.Ourganic";
				PRODUCT_NAME = "$(TARGET_NAME)";
				SWIFT_VERSION = 4.2;
				TARGETED_DEVICE_FAMILY = "1,2";
			};
			name = Release;
		};
		370008862173683200AF89F3 /* Debug */ = {
			isa = XCBuildConfiguration;
			baseConfigurationReference = 6DA122225142C15FDD0D7CAA /* Pods-OurganicTests.debug.xcconfig */;
			buildSettings = {
				ALWAYS_EMBED_SWIFT_STANDARD_LIBRARIES = YES;
				BUNDLE_LOADER = "$(TEST_HOST)";
				CODE_SIGN_STYLE = Automatic;
				DEVELOPMENT_TEAM = N55A3MSD3W;
				INFOPLIST_FILE = OurganicTests/Info.plist;
				LD_RUNPATH_SEARCH_PATHS = (
					"$(inherited)",
					"@executable_path/Frameworks",
					"@loader_path/Frameworks",
				);
				PRODUCT_BUNDLE_IDENTIFIER = "yoshua-elmaryono.OurganicTests";
				PRODUCT_NAME = "$(TARGET_NAME)";
				SWIFT_VERSION = 4.2;
				TARGETED_DEVICE_FAMILY = "1,2";
				TEST_HOST = "$(BUILT_PRODUCTS_DIR)/Ourganic.app/Ourganic";
			};
			name = Debug;
		};
		370008872173683200AF89F3 /* Release */ = {
			isa = XCBuildConfiguration;
			baseConfigurationReference = 78BC3510AAB9C788BF301711 /* Pods-OurganicTests.release.xcconfig */;
			buildSettings = {
				ALWAYS_EMBED_SWIFT_STANDARD_LIBRARIES = YES;
				BUNDLE_LOADER = "$(TEST_HOST)";
				CODE_SIGN_STYLE = Automatic;
				DEVELOPMENT_TEAM = N55A3MSD3W;
				INFOPLIST_FILE = OurganicTests/Info.plist;
				LD_RUNPATH_SEARCH_PATHS = (
					"$(inherited)",
					"@executable_path/Frameworks",
					"@loader_path/Frameworks",
				);
				PRODUCT_BUNDLE_IDENTIFIER = "yoshua-elmaryono.OurganicTests";
				PRODUCT_NAME = "$(TARGET_NAME)";
				SWIFT_VERSION = 4.2;
				TARGETED_DEVICE_FAMILY = "1,2";
				TEST_HOST = "$(BUILT_PRODUCTS_DIR)/Ourganic.app/Ourganic";
			};
			name = Release;
		};
/* End XCBuildConfiguration section */

/* Begin XCConfigurationList section */
		370008602173683000AF89F3 /* Build configuration list for PBXProject "Ourganic" */ = {
			isa = XCConfigurationList;
			buildConfigurations = (
				370008802173683200AF89F3 /* Debug */,
				370008812173683200AF89F3 /* Release */,
			);
			defaultConfigurationIsVisible = 0;
			defaultConfigurationName = Release;
		};
		370008822173683200AF89F3 /* Build configuration list for PBXNativeTarget "Ourganic" */ = {
			isa = XCConfigurationList;
			buildConfigurations = (
				370008832173683200AF89F3 /* Debug */,
				370008842173683200AF89F3 /* Release */,
			);
			defaultConfigurationIsVisible = 0;
			defaultConfigurationName = Release;
		};
		370008852173683200AF89F3 /* Build configuration list for PBXNativeTarget "OurganicTests" */ = {
			isa = XCConfigurationList;
			buildConfigurations = (
				370008862173683200AF89F3 /* Debug */,
				370008872173683200AF89F3 /* Release */,
			);
			defaultConfigurationIsVisible = 0;
			defaultConfigurationName = Release;
		};
/* End XCConfigurationList section */
	};
	rootObject = 3700085D2173683000AF89F3 /* Project object */;
}
